dependencies:
- name: argus
  repository: file://../argus
  version: 2.2.0-rc09
- name: collectorset-controller
  repository: file://../collectorset-controller
  version: 1.1.0-rc07
- name: kube-state-metrics
  repository: https://prometheus-community.github.io/helm-charts
  version: 4.20.0
digest: sha256:0464ec65a5daaced384b0c670a57ed4910e3afe151c2f0b9bc7e04284b3eec7b
generated: "2022-09-27T12:34:04.094937+05:30"
